
Microsoft Visual Studio Solution File, Format Version 12.00
# Visual Studio Version 17
VisualStudioVersion = 17.0.31903.59
MinimumVisualStudioVersion = 10.0.40219.1
Project("{2150E333-8FDC-42A3-9474-1A3956D46DE8}") = "src", "src", "{B77333D4-304D-4C06-B4CA-AF51675F4362}"
EndProject
Project("{FAE04EC0-301F-11D3-BF4B-00C04F79EFBC}") = "Inso.Els", "src\Inso.Els\Inso.Els.csproj", "{1FEBC73E-1A07-466E-A4D8-BC107B69706F}"
EndProject
Project("{FAE04EC0-301F-11D3-BF4B-00C04F79EFBC}") = "Inso.Els.AspNetCore", "src\Inso.Els.AspNetCore\Inso.Els.AspNetCore.csproj", "{A7C97B5D-A121-4B21-9389-A6CA9ED19A27}"
EndProject
Project("{FAE04EC0-301F-11D3-BF4B-00C04F79EFBC}") = "Inso.Els.Extensions.Logging", "src\Inso.Els.Extensions.Logging\Inso.Els.Extensions.Logging.csproj", "{15530F3A-F0DA-44C6-BC3C-27BCEB6F30B3}"
EndProject
Project("{2150E333-8FDC-42A3-9474-1A3956D46DE8}") = "tests", "tests", "{0DCB10FA-FB2F-4F89-9B14-CFC02290607B}"
EndProject
Project("{FAE04EC0-301F-11D3-BF4B-00C04F79EFBC}") = "Inso.Els.Tests", "tests\Inso.Els.Tests\Inso.Els.Tests.csproj", "{E20EF57A-2826-4800-8197-3C646878CE59}"
EndProject
Project("{FAE04EC0-301F-11D3-BF4B-00C04F79EFBC}") = "Inso.Els.AspNetCore.Tests", "tests\Inso.Els.AspNetCore.Tests\Inso.Els.AspNetCore.Tests.csproj", "{1E990271-8C45-464B-99EE-C5AA80EAAF49}"
EndProject
Project("{FAE04EC0-301F-11D3-BF4B-00C04F79EFBC}") = "Inso.Els.Extensions.Logging.Tests", "tests\Inso.Els.Extensions.Logging.Tests\Inso.Els.Extensions.Logging.Tests.csproj", "{3DFD7A44-33E6-4E82-9498-124547A39A3A}"
EndProject
Project("{2150E333-8FDC-42A3-9474-1A3956D46DE8}") = "examples", "examples", "{A2F23B80-9FB4-4CCF-AA4E-961C1E4389FC}"
EndProject
Project("{2150E333-8FDC-42A3-9474-1A3956D46DE8}") = "en", "en", "{419AC6C0-D975-42E8-B336-E2101C5EB627}"
EndProject
Project("{FAE04EC0-301F-11D3-BF4B-00C04F79EFBC}") = "Basic", "examples\en\Basic\Basic.csproj", "{11AE0334-C548-49FA-80F9-B4B0CA523444}"
EndProject
Project("{FAE04EC0-301F-11D3-BF4B-00C04F79EFBC}") = "Middleware", "examples\en\Middleware\Middleware.csproj", "{56A2F80C-2DC2-46A7-852E-72A0FDB85D8D}"
EndProject
Project("{FAE04EC0-301F-11D3-BF4B-00C04F79EFBC}") = "Logging", "examples\en\Logging\Logging.csproj", "{47FA7B7D-924B-4DE8-A243-1118A4970AC9}"
EndProject
Project("{2150E333-8FDC-42A3-9474-1A3956D46DE8}") = "ru", "ru", "{1A038B6F-F693-43FC-99D0-0D31B81B7592}"
EndProject
Project("{FAE04EC0-301F-11D3-BF4B-00C04F79EFBC}") = "Basic", "examples\ru\Basic\Basic.csproj", "{1E47691F-7118-4449-86A7-A1CB2DF76039}"
EndProject
Project("{FAE04EC0-301F-11D3-BF4B-00C04F79EFBC}") = "Middleware", "examples\ru\Middleware\Middleware.csproj", "{77CA10BE-3C21-4314-8CDB-2AC8D5A7234D}"
EndProject
Project("{FAE04EC0-301F-11D3-BF4B-00C04F79EFBC}") = "Logging", "examples\ru\Logging\Logging.csproj", "{B4AD2A86-B02B-4B73-BB02-5070E954EAAA}"
EndProject
Global
	GlobalSection(SolutionConfigurationPlatforms) = preSolution
		Debug|Any CPU = Debug|Any CPU
		Release|Any CPU = Release|Any CPU
	EndGlobalSection
	GlobalSection(SolutionProperties) = preSolution
		HideSolutionNode = FALSE
	EndGlobalSection
	GlobalSection(ProjectConfigurationPlatforms) = postSolution
		{1FEBC73E-1A07-466E-A4D8-BC107B69706F}.Debug|Any CPU.ActiveCfg = Debug|Any CPU
		{1FEBC73E-1A07-466E-A4D8-BC107B69706F}.Debug|Any CPU.Build.0 = Debug|Any CPU
		{1FEBC73E-1A07-466E-A4D8-BC107B69706F}.Release|Any CPU.ActiveCfg = Release|Any CPU
		{1FEBC73E-1A07-466E-A4D8-BC107B69706F}.Release|Any CPU.Build.0 = Release|Any CPU
		{A7C97B5D-A121-4B21-9389-A6CA9ED19A27}.Debug|Any CPU.ActiveCfg = Debug|Any CPU
		{A7C97B5D-A121-4B21-9389-A6CA9ED19A27}.Debug|Any CPU.Build.0 = Debug|Any CPU
		{A7C97B5D-A121-4B21-9389-A6CA9ED19A27}.Release|Any CPU.ActiveCfg = Release|Any CPU
		{A7C97B5D-A121-4B21-9389-A6CA9ED19A27}.Release|Any CPU.Build.0 = Release|Any CPU
		{15530F3A-F0DA-44C6-BC3C-27BCEB6F30B3}.Debug|Any CPU.ActiveCfg = Debug|Any CPU
		{15530F3A-F0DA-44C6-BC3C-27BCEB6F30B3}.Debug|Any CPU.Build.0 = Debug|Any CPU
		{15530F3A-F0DA-44C6-BC3C-27BCEB6F30B3}.Release|Any CPU.ActiveCfg = Release|Any CPU
		{15530F3A-F0DA-44C6-BC3C-27BCEB6F30B3}.Release|Any CPU.Build.0 = Release|Any CPU
		{E20EF57A-2826-4800-8197-3C646878CE59}.Debug|Any CPU.ActiveCfg = Debug|Any CPU
		{E20EF57A-2826-4800-8197-3C646878CE59}.Debug|Any CPU.Build.0 = Debug|Any CPU
		{E20EF57A-2826-4800-8197-3C646878CE59}.Release|Any CPU.ActiveCfg = Release|Any CPU
		{E20EF57A-2826-4800-8197-3C646878CE59}.Release|Any CPU.Build.0 = Release|Any CPU
		{1E990271-8C45-464B-99EE-C5AA80EAAF49}.Debug|Any CPU.ActiveCfg = Debug|Any CPU
		{1E990271-8C45-464B-99EE-C5AA80EAAF49}.Debug|Any CPU.Build.0 = Debug|Any CPU
		{1E990271-8C45-464B-99EE-C5AA80EAAF49}.Release|Any CPU.ActiveCfg = Release|Any CPU
		{1E990271-8C45-464B-99EE-C5AA80EAAF49}.Release|Any CPU.Build.0 = Release|Any CPU
		{3DFD7A44-33E6-4E82-9498-124547A39A3A}.Debug|Any CPU.ActiveCfg = Debug|Any CPU
		{3DFD7A44-33E6-4E82-9498-124547A39A3A}.Debug|Any CPU.Build.0 = Debug|Any CPU
		{3DFD7A44-33E6-4E82-9498-124547A39A3A}.Release|Any CPU.ActiveCfg = Release|Any CPU
		{3DFD7A44-33E6-4E82-9498-124547A39A3A}.Release|Any CPU.Build.0 = Release|Any CPU
		{11AE0334-C548-49FA-80F9-B4B0CA523444}.Debug|Any CPU.ActiveCfg = Debug|Any CPU
		{11AE0334-C548-49FA-80F9-B4B0CA523444}.Debug|Any CPU.Build.0 = Debug|Any CPU
		{11AE0334-C548-49FA-80F9-B4B0CA523444}.Release|Any CPU.ActiveCfg = Release|Any CPU
		{11AE0334-C548-49FA-80F9-B4B0CA523444}.Release|Any CPU.Build.0 = Release|Any CPU
		{56A2F80C-2DC2-46A7-852E-72A0FDB85D8D}.Debug|Any CPU.ActiveCfg = Debug|Any CPU
		{56A2F80C-2DC2-46A7-852E-72A0FDB85D8D}.Debug|Any CPU.Build.0 = Debug|Any CPU
		{56A2F80C-2DC2-46A7-852E-72A0FDB85D8D}.Release|Any CPU.ActiveCfg = Release|Any CPU
		{56A2F80C-2DC2-46A7-852E-72A0FDB85D8D}.Release|Any CPU.Build.0 = Release|Any CPU
		{47FA7B7D-924B-4DE8-A243-1118A4970AC9}.Debug|Any CPU.ActiveCfg = Debug|Any CPU
		{47FA7B7D-924B-4DE8-A243-1118A4970AC9}.Debug|Any CPU.Build.0 = Debug|Any CPU
		{47FA7B7D-924B-4DE8-A243-1118A4970AC9}.Release|Any CPU.ActiveCfg = Release|Any CPU
		{47FA7B7D-924B-4DE8-A243-1118A4970AC9}.Release|Any CPU.Build.0 = Release|Any CPU
		{1E47691F-7118-4449-86A7-A1CB2DF76039}.Debug|Any CPU.ActiveCfg = Debug|Any CPU
		{1E47691F-7118-4449-86A7-A1CB2DF76039}.Debug|Any CPU.Build.0 = Debug|Any CPU
		{1E47691F-7118-4449-86A7-A1CB2DF76039}.Release|Any CPU.ActiveCfg = Release|Any CPU
		{1E47691F-7118-4449-86A7-A1CB2DF76039}.Release|Any CPU.Build.0 = Release|Any CPU
		{77CA10BE-3C21-4314-8CDB-2AC8D5A7234D}.Debug|Any CPU.ActiveCfg = Debug|Any CPU
		{77CA10BE-3C21-4314-8CDB-2AC8D5A7234D}.Debug|Any CPU.Build.0 = Debug|Any CPU
		{77CA10BE-3C21-4314-8CDB-2AC8D5A7234D}.Release|Any CPU.ActiveCfg = Release|Any CPU
		{77CA10BE-3C21-4314-8CDB-2AC8D5A7234D}.Release|Any CPU.Build.0 = Release|Any CPU
		{B4AD2A86-B02B-4B73-BB02-5070E954EAAA}.Debug|Any CPU.ActiveCfg = Debug|Any CPU
		{B4AD2A86-B02B-4B73-BB02-5070E954EAAA}.Debug|Any CPU.Build.0 = Debug|Any CPU
		{B4AD2A86-B02B-4B73-BB02-5070E954EAAA}.Release|Any CPU.ActiveCfg = Release|Any CPU
		{B4AD2A86-B02B-4B73-BB02-5070E954EAAA}.Release|Any CPU.Build.0 = Release|Any CPU
	EndGlobalSection
	GlobalSection(NestedProjects) = preSolution
		{1FEBC73E-1A07-466E-A4D8-BC107B69706F} = {B77333D4-304D-4C06-B4CA-AF51675F4362}
		{A7C97B5D-A121-4B21-9389-A6CA9ED19A27} = {B77333D4-304D-4C06-B4CA-AF51675F4362}
		{15530F3A-F0DA-44C6-BC3C-27BCEB6F30B3} = {B77333D4-304D-4C06-B4CA-AF51675F4362}
		{E20EF57A-2826-4800-8197-3C646878CE59} = {0DCB10FA-FB2F-4F89-9B14-CFC02290607B}
		{1E990271-8C45-464B-99EE-C5AA80EAAF49} = {0DCB10FA-FB2F-4F89-9B14-CFC02290607B}
		{3DFD7A44-33E6-4E82-9498-124547A39A3A} = {0DCB10FA-FB2F-4F89-9B14-CFC02290607B}
		{419AC6C0-D975-42E8-B336-E2101C5EB627} = {A2F23B80-9FB4-4CCF-AA4E-961C1E4389FC}
		{11AE0334-C548-49FA-80F9-B4B0CA523444} = {419AC6C0-D975-42E8-B336-E2101C5EB627}
		{56A2F80C-2DC2-46A7-852E-72A0FDB85D8D} = {419AC6C0-D975-42E8-B336-E2101C5EB627}
		{47FA7B7D-924B-4DE8-A243-1118A4970AC9} = {419AC6C0-D975-42E8-B336-E2101C5EB627}
		{1A038B6F-F693-43FC-99D0-0D31B81B7592} = {A2F23B80-9FB4-4CCF-AA4E-961C1E4389FC}
		{1E47691F-7118-4449-86A7-A1CB2DF76039} = {1A038B6F-F693-43FC-99D0-0D31B81B7592}
		{77CA10BE-3C21-4314-8CDB-2AC8D5A7234D} = {1A038B6F-F693-43FC-99D0-0D31B81B7592}
		{B4AD2A86-B02B-4B73-BB02-5070E954EAAA} = {1A038B6F-F693-43FC-99D0-0D31B81B7592}
	EndGlobalSection
EndGlobal
